
Microsoft Visual Studio Solution File, Format Version 12.00
# Visual Studio Version 17
VisualStudioVersion = 17.2.32630.192
MinimumVisualStudioVersion = 10.0.40219.1
Project("{9A19103F-16F7-4668-BE54-9A1E7A4F7556}") = "GameStrore.Business", "BLL\GameStrore.Business.csproj", "{76163A83-A309-4099-8B19-4BE47D19B40A}"
EndProject
Project("{9A19103F-16F7-4668-BE54-9A1E7A4F7556}") = "GameStore.DataLogic", "DLL\GameStore.DataLogic.csproj", "{881C512E-A9F5-4394-B17B-255887C32150}"
EndProject
Project("{9A19103F-16F7-4668-BE54-9A1E7A4F7556}") = "GameStore.WebApi", "WebApi\GameStore.WebApi.csproj", "{5B43A3D2-CC7D-4DF6-A2FA-9083DAB7A786}"
EndProject
Project("{9A19103F-16F7-4668-BE54-9A1E7A4F7556}") = "GameStore.Tests", "TestsForAllLevels\GameStore.Tests.csproj", "{173F27DE-2451-4DF7-BA26-A347DDE35057}"
EndProject
Global
	GlobalSection(SolutionConfigurationPlatforms) = preSolution
		Debug|Any CPU = Debug|Any CPU
		Release|Any CPU = Release|Any CPU
	EndGlobalSection
	GlobalSection(ProjectConfigurationPlatforms) = postSolution
		{76163A83-A309-4099-8B19-4BE47D19B40A}.Debug|Any CPU.ActiveCfg = Debug|Any CPU
		{76163A83-A309-4099-8B19-4BE47D19B40A}.Debug|Any CPU.Build.0 = Debug|Any CPU
		{76163A83-A309-4099-8B19-4BE47D19B40A}.Release|Any CPU.ActiveCfg = Release|Any CPU
		{76163A83-A309-4099-8B19-4BE47D19B40A}.Release|Any CPU.Build.0 = Release|Any CPU
		{881C512E-A9F5-4394-B17B-255887C32150}.Debug|Any CPU.ActiveCfg = Debug|Any CPU
		{881C512E-A9F5-4394-B17B-255887C32150}.Debug|Any CPU.Build.0 = Debug|Any CPU
		{881C512E-A9F5-4394-B17B-255887C32150}.Release|Any CPU.ActiveCfg = Release|Any CPU
		{881C512E-A9F5-4394-B17B-255887C32150}.Release|Any CPU.Build.0 = Release|Any CPU
		{5B43A3D2-CC7D-4DF6-A2FA-9083DAB7A786}.Debug|Any CPU.ActiveCfg = Debug|Any CPU
		{5B43A3D2-CC7D-4DF6-A2FA-9083DAB7A786}.Debug|Any CPU.Build.0 = Debug|Any CPU
		{5B43A3D2-CC7D-4DF6-A2FA-9083DAB7A786}.Release|Any CPU.ActiveCfg = Release|Any CPU
		{5B43A3D2-CC7D-4DF6-A2FA-9083DAB7A786}.Release|Any CPU.Build.0 = Release|Any CPU
		{173F27DE-2451-4DF7-BA26-A347DDE35057}.Debug|Any CPU.ActiveCfg = Debug|Any CPU
		{173F27DE-2451-4DF7-BA26-A347DDE35057}.Debug|Any CPU.Build.0 = Debug|Any CPU
		{173F27DE-2451-4DF7-BA26-A347DDE35057}.Release|Any CPU.ActiveCfg = Release|Any CPU
		{173F27DE-2451-4DF7-BA26-A347DDE35057}.Release|Any CPU.Build.0 = Release|Any CPU
	EndGlobalSection
	GlobalSection(SolutionProperties) = preSolution
		HideSolutionNode = FALSE
	EndGlobalSection
	GlobalSection(ExtensibilityGlobals) = postSolution
		SolutionGuid = {080D230F-089E-4E05-9978-EF2E004B05A2}
	EndGlobalSection
EndGlobal
